
Microsoft Visual Studio Solution File, Format Version 12.00
# Visual Studio Version 17
VisualStudioVersion = 17.11.35312.102
MinimumVisualStudioVersion = 10.0.40219.1
Project("{FAE04EC0-301F-11D3-BF4B-00C04F79EFBC}") = "Zadatak 3.11", "Zadatak 3.11\Zadatak 3.11.csproj", "{D2DC7876-B3CD-48FA-A7E8-CDDB674BE13C}"
EndProject
Global
	GlobalSection(SolutionConfigurationPlatforms) = preSolution
		Debug|Any CPU = Debug|Any CPU
		Release|Any CPU = Release|Any CPU
	EndGlobalSection
	GlobalSection(ProjectConfigurationPlatforms) = postSolution
		{D2DC7876-B3CD-48FA-A7E8-CDDB674BE13C}.Debug|Any CPU.ActiveCfg = Debug|Any CPU
		{D2DC7876-B3CD-48FA-A7E8-CDDB674BE13C}.Debug|Any CPU.Build.0 = Debug|Any CPU
		{D2DC7876-B3CD-48FA-A7E8-CDDB674BE13C}.Release|Any CPU.ActiveCfg = Release|Any CPU
		{D2DC7876-B3CD-48FA-A7E8-CDDB674BE13C}.Release|Any CPU.Build.0 = Release|Any CPU
	EndGlobalSection
	GlobalSection(SolutionProperties) = preSolution
		HideSolutionNode = FALSE
	EndGlobalSection
	GlobalSection(ExtensibilityGlobals) = postSolution
		SolutionGuid = {3B5DD839-C3AD-46C2-ACD2-1B36CD1A9FA9}
	EndGlobalSection
EndGlobal
